
Microsoft Visual Studio Solution File, Format Version 12.00
# Visual Studio Version 17
VisualStudioVersion = 17.6.33815.320
MinimumVisualStudioVersion = 10.0.40219.1
Project("{888888A0-9F3D-457C-B088-3A5042F75D52}") = "On-Ride Camera", "On-Ride Camera.pyproj", "{037B1038-1DA4-47CD-B114-F24898E882D9}"
EndProject
Global
	GlobalSection(SolutionConfigurationPlatforms) = preSolution
		Debug|Any CPU = Debug|Any CPU
		Release|Any CPU = Release|Any CPU
	EndGlobalSection
	GlobalSection(ProjectConfigurationPlatforms) = postSolution
		{037B1038-1DA4-47CD-B114-F24898E882D9}.Debug|Any CPU.ActiveCfg = Debug|Any CPU
		{037B1038-1DA4-47CD-B114-F24898E882D9}.Release|Any CPU.ActiveCfg = Release|Any CPU
	EndGlobalSection
	GlobalSection(SolutionProperties) = preSolution
		HideSolutionNode = FALSE
	EndGlobalSection
	GlobalSection(ExtensibilityGlobals) = postSolution
		SolutionGuid = {96C70EC0-4DCA-401B-AD9B-94C04D2C2EE8}
	EndGlobalSection
EndGlobal
